
Microsoft Visual Studio Solution File, Format Version 12.00
# Visual Studio 15
VisualStudioVersion = 15.0.27428.2015
MinimumVisualStudioVersion = 10.0.40219.1
Project("{2150E333-8FDC-42A3-9474-1A3956D46DE8}") = "0 - Apresentation", "0 - Apresentation", "{195816C9-A4F2-4512-8735-B7B9FD17CAC2}"
EndProject
Project("{2150E333-8FDC-42A3-9474-1A3956D46DE8}") = "1 - Service", "1 - Service", "{F7CB1431-1796-4058-9100-9F95A074DDCD}"
EndProject
Project("{2150E333-8FDC-42A3-9474-1A3956D46DE8}") = "2 - Domain", "2 - Domain", "{090077FC-BA9D-4006-A88F-E39C2444EFB7}"
EndProject
Project("{2150E333-8FDC-42A3-9474-1A3956D46DE8}") = "3 - Infra", "3 - Infra", "{D9E85878-C430-4837-8A44-5F73D8AD36FF}"
EndProject
Project("{FAE04EC0-301F-11D3-BF4B-00C04F79EFBC}") = "AmigosAPI", "AmigosAPI\AmigosAPI.csproj", "{24638527-0BCE-4D2A-9827-7FDE8244742B}"
EndProject
Project("{FAE04EC0-301F-11D3-BF4B-00C04F79EFBC}") = "PaisEstadoAPI", "PaisEstadoAPI\PaisEstadoAPI.csproj", "{0D3C4FD1-60EB-4C39-ADB7-5EEB8F46B839}"
EndProject
Global
	GlobalSection(SolutionConfigurationPlatforms) = preSolution
		Debug|Any CPU = Debug|Any CPU
		Release|Any CPU = Release|Any CPU
	EndGlobalSection
	GlobalSection(ProjectConfigurationPlatforms) = postSolution
		{24638527-0BCE-4D2A-9827-7FDE8244742B}.Debug|Any CPU.ActiveCfg = Debug|Any CPU
		{24638527-0BCE-4D2A-9827-7FDE8244742B}.Debug|Any CPU.Build.0 = Debug|Any CPU
		{24638527-0BCE-4D2A-9827-7FDE8244742B}.Release|Any CPU.ActiveCfg = Release|Any CPU
		{24638527-0BCE-4D2A-9827-7FDE8244742B}.Release|Any CPU.Build.0 = Release|Any CPU
		{0D3C4FD1-60EB-4C39-ADB7-5EEB8F46B839}.Debug|Any CPU.ActiveCfg = Debug|Any CPU
		{0D3C4FD1-60EB-4C39-ADB7-5EEB8F46B839}.Debug|Any CPU.Build.0 = Debug|Any CPU
		{0D3C4FD1-60EB-4C39-ADB7-5EEB8F46B839}.Release|Any CPU.ActiveCfg = Release|Any CPU
		{0D3C4FD1-60EB-4C39-ADB7-5EEB8F46B839}.Release|Any CPU.Build.0 = Release|Any CPU
	EndGlobalSection
	GlobalSection(SolutionProperties) = preSolution
		HideSolutionNode = FALSE
	EndGlobalSection
	GlobalSection(NestedProjects) = preSolution
		{24638527-0BCE-4D2A-9827-7FDE8244742B} = {F7CB1431-1796-4058-9100-9F95A074DDCD}
		{0D3C4FD1-60EB-4C39-ADB7-5EEB8F46B839} = {F7CB1431-1796-4058-9100-9F95A074DDCD}
	EndGlobalSection
	GlobalSection(ExtensibilityGlobals) = postSolution
		SolutionGuid = {272DCA2A-773B-47AE-A26D-7B8A8C7A6B62}
	EndGlobalSection
EndGlobal
